// !$*UTF8*$!
{
	archiveVersion = 1;
	classes = {
	};
	objectVersion = 46;
	objects = {

/* Begin PBXBuildFile section */
		45D237661CFDCA5400EC7809 /* AppDelegate.swift in Sources */ = {isa = PBXBuildFile; fileRef = 45D237651CFDCA5400EC7809 /* AppDelegate.swift */; };
		45D237681CFDCA5400EC7809 /* ViewController.swift in Sources */ = {isa = PBXBuildFile; fileRef = 45D237671CFDCA5400EC7809 /* ViewController.swift */; };
		45D2376B1CFDCA5400EC7809 /* Main.storyboard in Resources */ = {isa = PBXBuildFile; fileRef = 45D237691CFDCA5400EC7809 /* Main.storyboard */; };
		45D2376D1CFDCA5400EC7809 /* Assets.xcassets in Resources */ = {isa = PBXBuildFile; fileRef = 45D2376C1CFDCA5400EC7809 /* Assets.xcassets */; };
		45D237701CFDCA5400EC7809 /* LaunchScreen.storyboard in Resources */ = {isa = PBXBuildFile; fileRef = 45D2376E1CFDCA5400EC7809 /* LaunchScreen.storyboard */; };
/* End PBXBuildFile section */

/* Begin PBXFileReference section */
		45D237621CFDCA5400EC7809 /* OptioneMeFood.app */ = {isa = PBXFileReference; explicitFileType = wrapper.application; includeInIndex = 0; path = OptioneMeFood.app; sourceTree = BUILT_PRODUCTS_DIR; };
		45D237651CFDCA5400EC7809 /* AppDelegate.swift */ = {isa = PBXFileReference; lastKnownFileType = sourcecode.swift; path = AppDelegate.swift; sourceTree = "<group>"; };
		45D237671CFDCA5400EC7809 /* ViewController.swift */ = {isa = PBXFileReference; lastKnownFileType = sourcecode.swift; path = ViewController.swift; sourceTree = "<group>"; };
		45D2376A1CFDCA5400EC7809 /* Base */ = {isa = PBXFileReference; lastKnownFileType = file.storyboard; name = Base; path = Base.lproj/Main.storyboard; sourceTree = "<group>"; };
		45D2376C1CFDCA5400EC7809 /* Assets.xcassets */ = {isa = PBXFileReference; lastKnownFileType = folder.assetcatalog; path = Assets.xcassets; sourceTree = "<group>"; };
		45D2376F1CFDCA5400EC7809 /* Base */ = {isa = PBXFileReference; lastKnownFileType = file.storyboard; name = Base; path = Base.lproj/LaunchScreen.storyboard; sourceTree = "<group>"; };
		45D237711CFDCA5400EC7809 /* Info.plist */ = {isa = PBXFileReference; lastKnownFileType = text.plist.xml; path = Info.plist; sourceTree = "<group>"; };
/* End PBXFileReference section */

/* Begin PBXFrameworksBuildPhase section */
		45D2375F1CFDCA5400EC7809 /* Frameworks */ = {
			isa = PBXFrameworksBuildPhase;
			buildActionMask = 2147483647;
			files = (
			);
			runOnlyForDeploymentPostprocessing = 0;
		};
/* End PBXFrameworksBuildPhase section */

/* Begin PBXGroup section */
		45D237591CFDCA5400EC7809 = {
			isa = PBXGroup;
			children = (
				45D237641CFDCA5400EC7809 /* OptioneMeFood */,
				45D237631CFDCA5400EC7809 /* Products */,
			);
			sourceTree = "<group>";
		};
		45D237631CFDCA5400EC7809 /* Products */ = {
			isa = PBXGroup;
			children = (
				45D237621CFDCA5400EC7809 /* OptioneMeFood.app */,
			);
			name = Products;
			sourceTree = "<group>";
		};
		45D237641CFDCA5400EC7809 /* OptioneMeFood */ = {
			isa = PBXGroup;
			children = (
				45D237651CFDCA5400EC7809 /* AppDelegate.swift */,
				45D237671CFDCA5400EC7809 /* ViewController.swift */,
				45D237691CFDCA5400EC7809 /* Main.storyboard */,
				45D2376C1CFDCA5400EC7809 /* Assets.xcassets */,
				45D2376E1CFDCA5400EC7809 /* LaunchScreen.storyboard */,
				45D237711CFDCA5400EC7809 /* Info.plist */,
			);
			path = OptioneMeFood;
			sourceTree = "<group>";
		};
/* End PBXGroup section */

/* Begin PBXNativeTarget section */
		45D237611CFDCA5400EC7809 /* OptioneMeFood */ = {
			isa = PBXNativeTarget;
			buildConfigurationList = 45D237741CFDCA5400EC7809 /* Build configuration list for PBXNativeTarget "OptioneMeFood" */;
			buildPhases = (
				45D2375E1CFDCA5400EC7809 /* Sources */,
				45D2375F1CFDCA5400EC7809 /* Frameworks */,
				45D237601CFDCA5400EC7809 /* Resources */,
			);
			buildRules = (
			);
			dependencies = (
			);
			name = OptioneMeFood;
			productName = OptioneMeFood;
			productReference = 45D237621CFDCA5400EC7809 /* OptioneMeFood.app */;
			productType = "com.apple.product-type.application";
		};
/* End PBXNativeTarget section */

/* Begin PBXProject section */
		45D2375A1CFDCA5400EC7809 /* Project object */ = {
			isa = PBXProject;
			attributes = {
				LastSwiftUpdateCheck = 0730;
				LastUpgradeCheck = 0730;
				ORGANIZATIONNAME = AndAnotherOne;
				TargetAttributes = {
					45D237611CFDCA5400EC7809 = {
						CreatedOnToolsVersion = 7.3;
						DevelopmentTeam = SQK26BU9F3;
					};
				};
			};
			buildConfigurationList = 45D2375D1CFDCA5400EC7809 /* Build configuration list for PBXProject "OptioneMeFood" */;
			compatibilityVersion = "Xcode 3.2";
			developmentRegion = English;
			hasScannedForEncodings = 0;
			knownRegions = (
				en,
				Base,
			);
			mainGroup = 45D237591CFDCA5400EC7809;
			productRefGroup = 45D237631CFDCA5400EC7809 /* Products */;
			projectDirPath = "";
			projectRoot = "";
			targets = (
				45D237611CFDCA5400EC7809 /* OptioneMeFood */,
			);
		};
/* End PBXProject section */

/* Begin PBXResourcesBuildPhase section */
		45D237601CFDCA5400EC7809 /* Resources */ = {
			isa = PBXResourcesBuildPhase;
			buildActionMask = 2147483647;
			files = (
				45D237701CFDCA5400EC7809 /* LaunchScreen.storyboard in Resources */,
				45D2376D1CFDCA5400EC7809 /* Assets.xcassets in Resources */,
				45D2376B1CFDCA5400EC7809 /* Main.storyboard in Resources */,
			);
			runOnlyForDeploymentPostprocessing = 0;
		};
/* End PBXResourcesBuildPhase section */

/* Begin PBXSourcesBuildPhase section */
		45D2375E1CFDCA5400EC7809 /* Sources */ = {
			isa = PBXSourcesBuildPhase;
			buildActionMask = 2147483647;
			files = (
				45D237681CFDCA5400EC7809 /* ViewController.swift in Sources */,
				45D237661CFDCA5400EC7809 /* AppDelegate.swift in Sources */,
			);
			runOnlyForDeploymentPostprocessing = 0;
		};
/* End PBXSourcesBuildPhase section */

/* Begin PBXVariantGroup section */
		45D237691CFDCA5400EC7809 /* Main.storyboard */ = {
			isa = PBXVariantGroup;
			children = (
				45D2376A1CFDCA5400EC7809 /* Base */,
			);
			name = Main.storyboard;
			sourceTree = "<group>";
		};
		45D2376E1CFDCA5400EC7809 /* LaunchScreen.storyboard */ = {
			isa = PBXVariantGroup;
			children = (
				45D2376F1CFDCA5400EC7809 /* Base */,
			);
			name = LaunchScreen.storyboard;
			sourceTree = "<group>";
		};
/* End PBXVariantGroup section */

/* Begin XCBuildConfiguration section */
		45D237721CFDCA5400EC7809 /* Debug */ = {
			isa = XCBuildConfiguration;
			buildSettings = {
				ALWAYS_SEARCH_USER_PATHS = NO;
				CLANG_ANALYZER_NONNULL = YES;
				CLANG_CXX_LANGUAGE_STANDARD = "gnu++0x";
				CLANG_CXX_LIBRARY = "libc++";
				CLANG_ENABLE_MODULES = YES;
				CLANG_ENABLE_OBJC_ARC = YES;
				CLANG_WARN_BOOL_CONVERSION = YES;
				CLANG_WARN_CONSTANT_CONVERSION = YES;
				CLANG_WARN_DIRECT_OBJC_ISA_USAGE = YES_ERROR;
				CLANG_WARN_EMPTY_BODY = YES;
				CLANG_WARN_ENUM_CONVERSION = YES;
				CLANG_WARN_INT_CONVERSION = YES;
				CLANG_WARN_OBJC_ROOT_CLASS = YES_ERROR;
				CLANG_WARN_UNREACHABLE_CODE = YES;
				CLANG_WARN__DUPLICATE_METHOD_MATCH = YES;
				"CODE_SIGN_IDENTITY[sdk=iphoneos*]" = "iPhone Developer";
				COPY_PHASE_STRIP = NO;
				DEBUG_INFORMATION_FORMAT = dwarf;
				ENABLE_STRICT_OBJC_MSGSEND = YES;
				ENABLE_TESTABILITY = YES;
				GCC_C_LANGUAGE_STANDARD = gnu99;
				GCC_DYNAMIC_NO_PIC = NO;
				GCC_NO_COMMON_BLOCKS = YES;
				GCC_OPTIMIZATION_LEVEL = 0;
				GCC_PREPROCESSOR_DEFINITIONS = (
					"DEBUG=1",
					"$(inherited)",
				);
				GCC_WARN_64_TO_32_BIT_CONVERSION = YES;
				GCC_WARN_ABOUT_RETURN_TYPE = YES_ERROR;
				GCC_WARN_UNDECLARED_SELECTOR = YES;
				GCC_WARN_UNINITIALIZED_AUTOS = YES_AGGRESSIVE;
				GCC_WARN_UNUSED_FUNCTION = YES;
				GCC_WARN_UNUSED_VARIABLE = YES;
				IPHONEOS_DEPLOYMENT_TARGET = 9.3;
				MTL_ENABLE_DEBUG_INFO = YES;
				ONLY_ACTIVE_ARCH = YES;
				SDKROOT = iphoneos;
				SWIFT_OPTIMIZATION_LEVEL = "-Onone";
				TARGETED_DEVICE_FAMILY = "1,2";
			};
			name = Debug;
		};
		45D237731CFDCA5400EC7809 /* Release */ = {
			isa = XCBuildConfiguration;
			buildSettings = {
				ALWAYS_SEARCH_USER_PATHS = NO;
				CLANG_ANALYZER_NONNULL = YES;
				CLANG_CXX_LANGUAGE_STANDARD = "gnu++0x";
				CLANG_CXX_LIBRARY = "libc++";
				CLANG_ENABLE_MODULES = YES;
				CLANG_ENABLE_OBJC_ARC = YES;
				CLANG_WARN_BOOL_CONVERSION = YES;
				CLANG_WARN_CONSTANT_CONVERSION = YES;
				CLANG_WARN_DIRECT_OBJC_ISA_USAGE = YES_ERROR;
				CLANG_WARN_EMPTY_BODY = YES;
				CLANG_WARN_ENUM_CONVERSION = YES;
				CLANG_WARN_INT_CONVERSION = YES;
				CLANG_WARN_OBJC_ROOT_CLASS = YES_ERROR;
				CLANG_WARN_UNREACHABLE_CODE = YES;
				CLANG_WARN__DUPLICATE_METHOD_MATCH = YES;
				"CODE_SIGN_IDENTITY[sdk=iphoneos*]" = "iPhone Developer";
				COPY_PHASE_STRIP = NO;
				DEBUG_INFORMATION_FORMAT = "dwarf-with-dsym";
				ENABLE_NS_ASSERTIONS = NO;
				ENABLE_STRICT_OBJC_MSGSEND = YES;
				GCC_C_LANGUAGE_STANDARD = gnu99;
				GCC_NO_COMMON_BLOCKS = YES;
				GCC_WARN_64_TO_32_BIT_CONVERSION = YES;
				GCC_WARN_ABOUT_RETURN_TYPE = YES_ERROR;
				GCC_WARN_UNDECLARED_SELECTOR = YES;
				GCC_WARN_UNINITIALIZED_AUTOS = YES_AGGRESSIVE;
				GCC_WARN_UNUSED_FUNCTION = YES;
				GCC_WARN_UNUSED_VARIABLE = YES;
				IPHONEOS_DEPLOYMENT_TARGET = 9.3;
				MTL_ENABLE_DEBUG_INFO = NO;
				SDKROOT = iphoneos;
				TARGETED_DEVICE_FAMILY = "1,2";
				VALIDATE_PRODUCT = YES;
			};
			name = Release;
		};
		45D237751CFDCA5400EC7809 /* Debug */ = {
			isa = XCBuildConfiguration;
			buildSettings = {
				ASSETCATALOG_COMPILER_APPICON_NAME = AppIcon;
				INFOPLIST_FILE = OptioneMeFood/Info.plist;
				LD_RUNPATH_SEARCH_PATHS = "$(inherited) @executable_path/Frameworks";
				PRODUCT_BUNDLE_IDENTIFIER = com.AndAnotherOne.OptioneMeFood;
				PRODUCT_NAME = "$(TARGET_NAME)";
			};
			name = Debug;
		};
		45D237761CFDCA5400EC7809 /* Release */ = {
			isa = XCBuildConfiguration;
			buildSettings = {
				ASSETCATALOG_COMPILER_APPICON_NAME = AppIcon;
				INFOPLIST_FILE = OptioneMeFood/Info.plist;
				LD_RUNPATH_SEARCH_PATHS = "$(inherited) @executable_path/Frameworks";
				PRODUCT_BUNDLE_IDENTIFIER = com.AndAnotherOne.OptioneMeFood;
				PRODUCT_NAME = "$(TARGET_NAME)";
			};
			name = Release;
		};
/* End XCBuildConfiguration section */

/* Begin XCConfigurationList section */
		45D2375D1CFDCA5400EC7809 /* Build configuration list for PBXProject "OptioneMeFood" */ = {
			isa = XCConfigurationList;
			buildConfigurations = (
				45D237721CFDCA5400EC7809 /* Debug */,
				45D237731CFDCA5400EC7809 /* Release */,
			);
			defaultConfigurationIsVisible = 0;
			defaultConfigurationName = Release;
		};
		45D237741CFDCA5400EC7809 /* Build configuration list for PBXNativeTarget "OptioneMeFood" */ = {
			isa = XCConfigurationList;
			buildConfigurations = (
				45D237751CFDCA5400EC7809 /* Debug */,
				45D237761CFDCA5400EC7809 /* Release */,
			);
			defaultConfigurationIsVisible = 0;
		};
/* End XCConfigurationList section */
	};
	rootObject = 45D2375A1CFDCA5400EC7809 /* Project object */;
}
